github.com/ConradIrwin/panicwrap v0.0.0-20141008052627-dbbd17736f5e h1:OtCvA8ZR6cV8Jl4P6Ymb7qmnUmwSXBeO6KqHHKc/zkg=
github.com/ConradIrwin/panicwrap v0.0.0-20141008052627-dbbd17736f5e/go.mod h1:duGidKtQwvw8sb1JtIIltWkCdcXYnLNgkaabiPiT8oQ=
github.com/Traliaa/chlab v0.0.0-20200905110659-9ea8c944c08a/go.mod h1:nqAPK9u/lktnShAqf4ncDQtxWccKw1DSdAUhwNNoL0c=
github.com/Traliaa/chlab v0.0.0-20200905111919-532ba24567f1 h1:jT8DCymy40N2iuWlOy9GeqZRbwFXFsbnTxpYPq3+SxI=
github.com/Traliaa/chlab v0.0.0-20200905111919-532ba24567f1/go.mod h1:nqAPK9u/lktnShAqf4ncDQtxWccKw1DSdAUhwNNoL0c=
github.com/Traliaa/go-zigbee v0.0.0-20200905111839-2db16aadfbd1 h1:QyXn8xgTPCR7oCa3mJ+Jl9+qwXOaT59e+56hrTk6YkI=
github.com/Traliaa/go-zigbee v0.0.0-20200905111839-2db16aadfbd1/go.mod h1:KpV8N5YzUk4tq98FrsfTpyfbwFa/eE/PRLMqPALynec=
github.com/alecthomas/units v0.0.0-20190924025748-f65c72e2690d h1:UQZhZ2O0vMHr2cI+DC1Mbh0TJxzA3RcLoMsFw+aXw7E=
github.com/alecthomas/units v0.0.0-20190924025748-f65c72e2690d/go.mod h1:rBZYJk541a8SKzHPHnH3zbiI+7dagKZ0cgpgrD7Fyho=
github.com/bitly/go-simplejson v0.5.0/go.mod h1:cXHtHw4XUPsvGaxgjIAn8PhEWG9NfngEKAMDJEczWVA=
github.com/bmizerany/assert v0.0.0-20160611221934-b7ed37b82869/go.mod h1:Ekp36dRnpXw/yCqJaO+ZrUyxD+3VXMFFr56k5XYrpB4=
github.com/bugsnag/bugsnag-go v1.5.3 h1:yeRUT3mUE13jL1tGwvoQsKdVbAsQx9AJ+fqahKveP04=
github.com/bugsnag/bugsnag-go v1.5.3/go.mod h1:2oa8nejYd4cQ/b0hMIopN0lCRxU0bueqREvZLWFrtK8=
github.com/davecgh/go-spew v1.1.0/go.mod h1:J7Y8YcW2NihsgmVo/mv3lAwl/skON4iLHjSsI+c5H38=
github.com/davecgh/go-spew v1.1.1 h1:vj9j/u1bqnvCEfJOwUhtlOARqs3+rkHYY13jYWTU97c=
github.com/davecgh/go-spew v1.1.1/go.mod h1:J7Y8YcW2NihsgmVo/mv3lAwl/skON4iLHjSsI+c5H38=
github.com/fsnotify/fsnotify v1.4.9 h1:hsms1Qyu0jgnwNXIxa+/V/PDsU6CfLf6CNO8H7IWoS4=
github.com/fsnotify/fsnotify v1.4.9/go.mod h1:znqG4EE+3YCdAaPaxE2ZRY/06pZUdp0tY4IgpuI1SZQ=
github.com/go-fsnotify/fsnotify v0.0.0-20180321022601-755488143dae h1:PeVNzgTRtWGm6fVic5i21t+n5ptPGCZuMcSPVMyTWjs=
github.com/gogo/protobuf v1.3.1 h1:DqDEcV5aeaTmdFBePNpYsp3FlcVH/2ISVVM9Qf8PSls=
github.com/gogo/protobuf v1.3.1/go.mod h1:SlYgWuQ5SjCEi6WLHjHCa1yvBfUnHcTbrrZtXPKa29o=
github.com/hashicorp/go-syslog v1.0.0 h1:KaodqZuhUoZereWVIYmpUgZysurB1kBLX2j0MwMrUAE=
github.com/hashicorp/go-syslog v1.0.0/go.mod h1:qPfqrKkXGihmCqbJM2mZgkZGvKG1dFdvsLplgctolz4=
github.com/huin/mqtt v0.0.0-20130822132849-c2d0e7ca9387 h1:up28I8H4om1pBqko419mHIwYFheJmRqTF3YrNfjkMyg=
github.com/huin/mqtt v0.0.0-20130822132849-c2d0e7ca9387/go.mod h1:zbO4h3NDGxpAVWGYzQNle+BDfuwm8fWcgVxFuIHyuas=
github.com/juju/loggo v0.0.0-20150527035839-8477fc936adf/go.mod h1:vgyd7OREkbtVEN/8IXZe5Ooef3LQePvuBm9UWj6ZL8U=
github.com/juju/loggo v0.0.0-20200526014432-9ce3a2e09b5e h1:FdDd7bdI6cjq5vaoYlK1mfQYfF9sF2VZw8VEZMsl5t8=
github.com/juju/loggo v0.0.0-20200526014432-9ce3a2e09b5e/go.mod h1:vgyd7OREkbtVEN/8IXZe5Ooef3LQePvuBm9UWj6ZL8U=
github.com/kisielk/errcheck v1.2.0/go.mod h1:/BMXB+zMLi60iA8Vv6Ksmxu/1UDYcXs4uQLJ+jE2L00=
github.com/kisielk/gotool v1.0.0/go.mod h1:XhKaO+MFFWcvkIS/tQcRk01m1F5IRFswLeQ+oQHNcck=
github.com/kr/pretty v0.2.1/go.mod h1:ipq/a2n7PKx3OHsz4KJII5eveXtPO4qwEXGdVfWzfnI=
github.com/kr/pty v1.1.1/go.mod h1:pFQYn66WHrOpPYNljwOMqo10TkYh1fy3cYio2l3bCsQ=
github.com/kr/text v0.1.0/go.mod h1:4Jbv+DJW3UT/LiOwJeYQe1efqtUx/iVham/4vfdArNI=
github.com/mitchellh/osext v0.0.0-20151018003038-5e2d6d41470f h1:2+myh5ml7lgEU/51gbeLHfKGNfgEQQIWrlbdaOsidbQ=
github.com/mitchellh/osext v0.0.0-20151018003038-5e2d6d41470f/go.mod h1:OkQIRizQZAeMln+1tSwduZz7+Af5oFlKirV/MSYes2A=
github.com/ninjasphere/go-ninja v0.0.0-20170309050406-8c5667c56cda h1:U1DnGCNwdpymapNw/rYi5iMrKXV2z4gZ+WwFsaIeTW8=
github.com/ninjasphere/go-ninja v0.0.0-20170309050406-8c5667c56cda/go.mod h1:dqH+m4IxOQcJ7R9RlCdK/WrTvBXwnYwbYocyz374aCY=
github.com/ninjasphere/gojsonschema v0.0.0-20141028075741-0b01062f865c h1:R4MTrDksDE4erd9T7XXmir+dotf2cl1fxuVHwu8KraQ=
github.com/ninjasphere/gojsonschema v0.0.0-20141028075741-0b01062f865c/go.mod h1:ghE4SNemBUEQjWkS0soCWDVt9O57Pq20IOncS7j3mZI=
github.com/ninjasphere/mqtt v0.0.0-20150113112005-56cb1867283b h1:yIWApeTQV/TiP2sW/WZHlDb2Wbdak+VVCn5dDWPKq3o=
github.com/ninjasphere/mqtt v0.0.0-20150113112005-56cb1867283b/go.mod h1:1KiLTCvRbXyqiboDf4NNsiDvJtPzFQL/WBLXX3ORaxU=
github.com/ninjasphere/redigo v0.0.0-20150710135343-f416dddd7956 h1:f9J08V02WJihS3c4XgcjYzGT/IvB4G017+LEu3OAqD0=
github.com/ninjasphere/redigo v0.0.0-20150710135343-f416dddd7956/go.mod h1:fCeIX/gHLq8E24BJWBzOxQxdggHdWYz4Qa00M8+SCy4=
github.com/pmezard/go-difflib v1.0.0/go.mod h1:iKH77koFhYxTK1pcRnkKkqfTogsbg7gZNVY4sRDYZ/4=
github.com/stretchr/objx v0.1.0/go.mod h1:HFkY916IF+rwdDfMAkV7OtwuqBVzrE8GR6GFx+wExME=
github.com/stretchr/testify v1.4.0/go.mod h1:j7eGeouHqKxXV5pUuKE4zz7dFj8WfuZ+81PSLYec5m4=
github.com/traliaa/chlab v0.0.0-20170309050406-8c5667c56cda/go.mod h1:/fuVyl+mBDfMXIdDnM9LMq4YBhdEV0/N/B4DBn6SxOQ=
github.com/traliaa/chlab v0.0.0-20200905111919-532ba24567f1 h1:8gT8MM5yKEe9UIwYUGHd+0mgR5DnTFAIDv6jQUsQWWI=
github.com/traliaa/chlab v0.0.0-20200905111919-532ba24567f1/go.mod h1:/fuVyl+mBDfMXIdDnM9LMq4YBhdEV0/N/B4DBn6SxOQ=
github.com/wolfeidau/bugsnag-go v1.0.2 h1:c2dxvKTKCUAB/yGofE7a4V7hH1Ok57liYHFYMYZET54=
github.com/wolfeidau/bugsnag-go v1.0.2/go.mod h1:IzqLQZElrkNyb8dKDkMqCUWGPrkdxMsWlrhbkIfNAkQ=
github.com/wolfeidau/loggo-syslog v1.0.1 h1:yBQWtkvaHcxmmWG7MSN5V/SoTXv6siLtRR7NMk5opYs=
github.com/wolfeidau/loggo-syslog v1.0.1/go.mod h1:02YIPWWNqZ2MaXSBkC6izdO50G/9giyOymwvUgvsnVY=
github.com/xeipuuv/gojsonpointer v0.0.0-20190905194746-02993c407bfb h1:zGWFAtiMcyryUHoUjUJX0/lt1H2+i2Ka2n+D3DImSNo=
github.com/xeipuuv/gojsonpointer v0.0.0-20190905194746-02993c407bfb/go.mod h1:N2zxlSyiKSe5eX1tZViRH5QA0qijqEDrYZiPEAiq3wU=
github.com/xeipuuv/gojsonreference v0.0.0-20180127040603-bd5ef7bd5415 h1:EzJWgHovont7NscjpAxXsDA8S8BMYve8Y5+7cuRE7R0=
github.com/xeipuuv/gojsonreference v0.0.0-20180127040603-bd5ef7bd5415/go.mod h1:GwrjFmJcFw6At/Gs6z4yjiIwzuJ1/+UwLxMQDVQXShQ=
golang.org/x/sys v0.0.0-20191005200804-aed5e4c7ecf9/go.mod h1:h1NjWce9XRLGQEsW7wpKNCjG9DtNlClVuFLEZdDNbEs=
golang.org/x/tools v0.0.0-20181030221726-6c7e314b6563/go.mod h1:n7NCudcB/nEzxVGmLbDWY5pfWTLqBcC2KZ6jyYvM4mQ=
gopkg.in/alecthomas/kingpin.v1 v1.3.7 h1:Wu7NdOktFr6uMMaXIkZ1eDz7z6KMbpVoDCrTbYCUtiA=
gopkg.in/alecthomas/kingpin.v1 v1.3.7/go.mod h1:vs0oy7ub8knYaut5kITUTmx/WeE4xRuEeOR34yEAWEA=
gopkg.in/check.v1 v0.0.0-20161208181325-20d25e280405/go.mod h1:Co6ibVJAznAaIkqp8huTwlJQCZ016jof/cbN4VW5Yz0=
gopkg.in/yaml.v2 v2.2.2/go.mod h1:hI93XBmqTisBFMUTm0b8Fm+jr3Dg1NNxqwp+5A1VGuI=
